
Microsoft Visual Studio Solution File, Format Version 12.00
# Visual Studio Version 17
VisualStudioVersion = 17.1.32421.90
MinimumVisualStudioVersion = 10.0.40219.1
Project("{9A19103F-16F7-4668-BE54-9A1E7A4F7556}") = "SandboxModbus2", "SandboxModbus2\SandboxModbus2.csproj", "{04CBFFDA-52B3-478A-94D7-BEDC35F31F75}"
EndProject
Project("{FAE04EC0-301F-11D3-BF4B-00C04F79EFBC}") = "SandboxModbus2Tests", "SandboxModbus2Tests\SandboxModbus2Tests.csproj", "{C3B3DAE2-0390-4789-BF97-FA23933B525B}"
EndProject
Global
	GlobalSection(SolutionConfigurationPlatforms) = preSolution
		Debug|Any CPU = Debug|Any CPU
		Release|Any CPU = Release|Any CPU
	EndGlobalSection
	GlobalSection(ProjectConfigurationPlatforms) = postSolution
		{04CBFFDA-52B3-478A-94D7-BEDC35F31F75}.Debug|Any CPU.ActiveCfg = Debug|Any CPU
		{04CBFFDA-52B3-478A-94D7-BEDC35F31F75}.Debug|Any CPU.Build.0 = Debug|Any CPU
		{04CBFFDA-52B3-478A-94D7-BEDC35F31F75}.Release|Any CPU.ActiveCfg = Release|Any CPU
		{04CBFFDA-52B3-478A-94D7-BEDC35F31F75}.Release|Any CPU.Build.0 = Release|Any CPU
		{C3B3DAE2-0390-4789-BF97-FA23933B525B}.Debug|Any CPU.ActiveCfg = Debug|Any CPU
		{C3B3DAE2-0390-4789-BF97-FA23933B525B}.Debug|Any CPU.Build.0 = Debug|Any CPU
		{C3B3DAE2-0390-4789-BF97-FA23933B525B}.Release|Any CPU.ActiveCfg = Release|Any CPU
		{C3B3DAE2-0390-4789-BF97-FA23933B525B}.Release|Any CPU.Build.0 = Release|Any CPU
	EndGlobalSection
	GlobalSection(SolutionProperties) = preSolution
		HideSolutionNode = FALSE
	EndGlobalSection
	GlobalSection(ExtensibilityGlobals) = postSolution
		SolutionGuid = {DBD17BE8-B6D4-440E-8C1F-03F1F63DBE3E}
	EndGlobalSection
EndGlobal
